
Microsoft Visual Studio Solution File, Format Version 12.00
# Visual Studio 14
VisualStudioVersion = 14.0.25420.1
MinimumVisualStudioVersion = 10.0.40219.1
Project("{FAE04EC0-301F-11D3-BF4B-00C04F79EFBC}") = "Core.Common", "Core.Common\Core.Common.csproj", "{8A3B856E-AD14-49EB-9F37-36DDCE5E029D}"
EndProject
Project("{FAE04EC0-301F-11D3-BF4B-00C04F79EFBC}") = "Inventory.PeopleViewer", "Inventory.PeopleViewer\Inventory.PeopleViewer.csproj", "{9FD04CD6-6484-4006-8C7E-BC8136FF9309}"
EndProject
Project("{FAE04EC0-301F-11D3-BF4B-00C04F79EFBC}") = "Inventory.Data.Administration", "Inventory.Data.Administration\Inventory.Data.Administration.csproj", "{D9337FE9-4196-4D23-99CA-FA5D39C3F6D7}"
EndProject
Project("{FAE04EC0-301F-11D3-BF4B-00C04F79EFBC}") = "Inventory.DomainClasses.Administration", "Inventory.DomainClasses.Administration\Inventory.DomainClasses.Administration.csproj", "{51D6DF33-DC65-4169-86D0-979FBEF9D4F2}"
EndProject
Project("{FAE04EC0-301F-11D3-BF4B-00C04F79EFBC}") = "Inventory.ViewModels.Administration", "Inventory.ViewModels.Administration\Inventory.ViewModels.Administration.csproj", "{6EEF4BA3-A085-4FB6-A5F0-82417C68F83C}"
EndProject
Project("{2150E333-8FDC-42A3-9474-1A3956D46DE8}") = "Web", "Web", "{0090AF16-17AA-4C33-9DE2-94C7F841B81E}"
EndProject
Project("{2150E333-8FDC-42A3-9474-1A3956D46DE8}") = "Common", "Common", "{292FF309-927E-4F6B-891A-4EBC14869CFC}"
EndProject
Project("{2150E333-8FDC-42A3-9474-1A3956D46DE8}") = "Administration", "Administration", "{B41FF3C5-56A0-4C63-A9F7-6DA7B7C21B0E}"
EndProject
Project("{2150E333-8FDC-42A3-9474-1A3956D46DE8}") = "DbContext", "DbContext", "{1FC35790-3520-4BA6-9766-A7ED16E5AEE3}"
EndProject
Project("{2150E333-8FDC-42A3-9474-1A3956D46DE8}") = "DomainClasses", "DomainClasses", "{67C1F230-0CCE-4702-BD2D-FDE580C15D7E}"
EndProject
Project("{2150E333-8FDC-42A3-9474-1A3956D46DE8}") = "ViewModels", "ViewModels", "{68D819D2-BCEE-4E5C-8040-EAC54F46A9F2}"
EndProject
Project("{2150E333-8FDC-42A3-9474-1A3956D46DE8}") = "Repositories", "Repositories", "{5E8FC681-6909-41DB-9E99-3D3CD3485282}"
EndProject
Project("{FAE04EC0-301F-11D3-BF4B-00C04F79EFBC}") = "Inventory.Repositories.Administration", "Inventory.Repositories.Administration\Inventory.Repositories.Administration.csproj", "{023159E3-D81F-4075-9F23-FEB3939A8880}"
EndProject
Project("{2150E333-8FDC-42A3-9474-1A3956D46DE8}") = "BizLogic", "BizLogic", "{22601648-23DD-458C-8A24-B5EAB19680D7}"
EndProject
Project("{2150E333-8FDC-42A3-9474-1A3956D46DE8}") = "Contracts", "Contracts", "{C4DACCBE-89DC-4F6E-B696-2545565D67BC}"
EndProject
Project("{FAE04EC0-301F-11D3-BF4B-00C04F79EFBC}") = "Inventory.Contracts.Administration", "Inventory.Contracts.Administration\Inventory.Contracts.Administration.csproj", "{EF661B76-0920-4A71-8187-00E7E95800BC}"
EndProject
Project("{2150E333-8FDC-42A3-9474-1A3956D46DE8}") = "Inventory", "Inventory", "{0C955F4F-0012-400B-A752-691F2A625C8F}"
EndProject
Project("{2150E333-8FDC-42A3-9474-1A3956D46DE8}") = "DomainClasses", "DomainClasses", "{3170FB54-B863-4FE5-9B6D-37BC5C86DF25}"
EndProject
Project("{FAE04EC0-301F-11D3-BF4B-00C04F79EFBC}") = "Inventory.DomainClasses.Inventory", "Inventory.DomainClasses.Inventory\Inventory.DomainClasses.Inventory.csproj", "{E172F6FB-C7DE-405A-8279-856B5884119F}"
EndProject
Project("{2150E333-8FDC-42A3-9474-1A3956D46DE8}") = "DbContext", "DbContext", "{3D1112D0-93A7-4E3A-B1DD-56EC0B4C28F7}"
EndProject
Project("{FAE04EC0-301F-11D3-BF4B-00C04F79EFBC}") = "Inventory.Data.Inventory", "Inventory.Data.Inventory\Inventory.Data.Inventory.csproj", "{863E77FA-03C6-48A2-9227-3A0D1E24D2F7}"
EndProject
Project("{2150E333-8FDC-42A3-9474-1A3956D46DE8}") = "Repositories", "Repositories", "{5D43CC7A-7669-4D65-89FD-DE1F3AF4618C}"
EndProject
Project("{2150E333-8FDC-42A3-9474-1A3956D46DE8}") = "ViewModels", "ViewModels", "{1597B094-BE80-43F4-8CD9-E783D456D480}"
EndProject
Project("{2150E333-8FDC-42A3-9474-1A3956D46DE8}") = "BizLogic", "BizLogic", "{92871F78-6E42-42F6-A44A-AC9D2426D0B3}"
EndProject
Project("{2150E333-8FDC-42A3-9474-1A3956D46DE8}") = "Contracts", "Contracts", "{6B5730E6-DCBD-4057-BB54-561FFD334CA8}"
EndProject
Project("{FAE04EC0-301F-11D3-BF4B-00C04F79EFBC}") = "Inventory.Contracts.Inventory", "Inventory.Contracts.Inventory\Inventory.Contracts.Inventory.csproj", "{933FD1BF-72EC-4749-93E0-4F5C51DAA5BC}"
EndProject
Project("{FAE04EC0-301F-11D3-BF4B-00C04F79EFBC}") = "Inventory.Repositories.Inventory", "Inventory.Repositories.Inventory\Inventory.Repositories.Inventory.csproj", "{5CF1CB0F-DB9F-4D77-8E0F-ADFB809573F9}"
EndProject
Project("{FAE04EC0-301F-11D3-BF4B-00C04F79EFBC}") = "Inventory.ViewModels.Inventory", "Inventory.ViewModels.Inventory\Inventory.ViewModels.Inventory.csproj", "{13314C3C-D6C4-4AAE-BE7B-CDAC4CE1F260}"
EndProject
Global
	GlobalSection(SolutionConfigurationPlatforms) = preSolution
		Debug|Any CPU = Debug|Any CPU
		Release|Any CPU = Release|Any CPU
	EndGlobalSection
	GlobalSection(ProjectConfigurationPlatforms) = postSolution
		{8A3B856E-AD14-49EB-9F37-36DDCE5E029D}.Debug|Any CPU.ActiveCfg = Debug|Any CPU
		{8A3B856E-AD14-49EB-9F37-36DDCE5E029D}.Debug|Any CPU.Build.0 = Debug|Any CPU
		{8A3B856E-AD14-49EB-9F37-36DDCE5E029D}.Release|Any CPU.ActiveCfg = Release|Any CPU
		{8A3B856E-AD14-49EB-9F37-36DDCE5E029D}.Release|Any CPU.Build.0 = Release|Any CPU
		{9FD04CD6-6484-4006-8C7E-BC8136FF9309}.Debug|Any CPU.ActiveCfg = Debug|Any CPU
		{9FD04CD6-6484-4006-8C7E-BC8136FF9309}.Debug|Any CPU.Build.0 = Debug|Any CPU
		{9FD04CD6-6484-4006-8C7E-BC8136FF9309}.Release|Any CPU.ActiveCfg = Release|Any CPU
		{9FD04CD6-6484-4006-8C7E-BC8136FF9309}.Release|Any CPU.Build.0 = Release|Any CPU
		{D9337FE9-4196-4D23-99CA-FA5D39C3F6D7}.Debug|Any CPU.ActiveCfg = Debug|Any CPU
		{D9337FE9-4196-4D23-99CA-FA5D39C3F6D7}.Debug|Any CPU.Build.0 = Debug|Any CPU
		{D9337FE9-4196-4D23-99CA-FA5D39C3F6D7}.Release|Any CPU.ActiveCfg = Release|Any CPU
		{D9337FE9-4196-4D23-99CA-FA5D39C3F6D7}.Release|Any CPU.Build.0 = Release|Any CPU
		{51D6DF33-DC65-4169-86D0-979FBEF9D4F2}.Debug|Any CPU.ActiveCfg = Debug|Any CPU
		{51D6DF33-DC65-4169-86D0-979FBEF9D4F2}.Debug|Any CPU.Build.0 = Debug|Any CPU
		{51D6DF33-DC65-4169-86D0-979FBEF9D4F2}.Release|Any CPU.ActiveCfg = Release|Any CPU
		{51D6DF33-DC65-4169-86D0-979FBEF9D4F2}.Release|Any CPU.Build.0 = Release|Any CPU
		{6EEF4BA3-A085-4FB6-A5F0-82417C68F83C}.Debug|Any CPU.ActiveCfg = Debug|Any CPU
		{6EEF4BA3-A085-4FB6-A5F0-82417C68F83C}.Debug|Any CPU.Build.0 = Debug|Any CPU
		{6EEF4BA3-A085-4FB6-A5F0-82417C68F83C}.Release|Any CPU.ActiveCfg = Release|Any CPU
		{6EEF4BA3-A085-4FB6-A5F0-82417C68F83C}.Release|Any CPU.Build.0 = Release|Any CPU
		{023159E3-D81F-4075-9F23-FEB3939A8880}.Debug|Any CPU.ActiveCfg = Debug|Any CPU
		{023159E3-D81F-4075-9F23-FEB3939A8880}.Debug|Any CPU.Build.0 = Debug|Any CPU
		{023159E3-D81F-4075-9F23-FEB3939A8880}.Release|Any CPU.ActiveCfg = Release|Any CPU
		{023159E3-D81F-4075-9F23-FEB3939A8880}.Release|Any CPU.Build.0 = Release|Any CPU
		{EF661B76-0920-4A71-8187-00E7E95800BC}.Debug|Any CPU.ActiveCfg = Debug|Any CPU
		{EF661B76-0920-4A71-8187-00E7E95800BC}.Debug|Any CPU.Build.0 = Debug|Any CPU
		{EF661B76-0920-4A71-8187-00E7E95800BC}.Release|Any CPU.ActiveCfg = Release|Any CPU
		{EF661B76-0920-4A71-8187-00E7E95800BC}.Release|Any CPU.Build.0 = Release|Any CPU
		{E172F6FB-C7DE-405A-8279-856B5884119F}.Debug|Any CPU.ActiveCfg = Debug|Any CPU
		{E172F6FB-C7DE-405A-8279-856B5884119F}.Debug|Any CPU.Build.0 = Debug|Any CPU
		{E172F6FB-C7DE-405A-8279-856B5884119F}.Release|Any CPU.ActiveCfg = Release|Any CPU
		{E172F6FB-C7DE-405A-8279-856B5884119F}.Release|Any CPU.Build.0 = Release|Any CPU
		{863E77FA-03C6-48A2-9227-3A0D1E24D2F7}.Debug|Any CPU.ActiveCfg = Debug|Any CPU
		{863E77FA-03C6-48A2-9227-3A0D1E24D2F7}.Debug|Any CPU.Build.0 = Debug|Any CPU
		{863E77FA-03C6-48A2-9227-3A0D1E24D2F7}.Release|Any CPU.ActiveCfg = Release|Any CPU
		{863E77FA-03C6-48A2-9227-3A0D1E24D2F7}.Release|Any CPU.Build.0 = Release|Any CPU
		{933FD1BF-72EC-4749-93E0-4F5C51DAA5BC}.Debug|Any CPU.ActiveCfg = Debug|Any CPU
		{933FD1BF-72EC-4749-93E0-4F5C51DAA5BC}.Debug|Any CPU.Build.0 = Debug|Any CPU
		{933FD1BF-72EC-4749-93E0-4F5C51DAA5BC}.Release|Any CPU.ActiveCfg = Release|Any CPU
		{933FD1BF-72EC-4749-93E0-4F5C51DAA5BC}.Release|Any CPU.Build.0 = Release|Any CPU
		{5CF1CB0F-DB9F-4D77-8E0F-ADFB809573F9}.Debug|Any CPU.ActiveCfg = Debug|Any CPU
		{5CF1CB0F-DB9F-4D77-8E0F-ADFB809573F9}.Debug|Any CPU.Build.0 = Debug|Any CPU
		{5CF1CB0F-DB9F-4D77-8E0F-ADFB809573F9}.Release|Any CPU.ActiveCfg = Release|Any CPU
		{5CF1CB0F-DB9F-4D77-8E0F-ADFB809573F9}.Release|Any CPU.Build.0 = Release|Any CPU
		{13314C3C-D6C4-4AAE-BE7B-CDAC4CE1F260}.Debug|Any CPU.ActiveCfg = Debug|Any CPU
		{13314C3C-D6C4-4AAE-BE7B-CDAC4CE1F260}.Debug|Any CPU.Build.0 = Debug|Any CPU
		{13314C3C-D6C4-4AAE-BE7B-CDAC4CE1F260}.Release|Any CPU.ActiveCfg = Release|Any CPU
		{13314C3C-D6C4-4AAE-BE7B-CDAC4CE1F260}.Release|Any CPU.Build.0 = Release|Any CPU
	EndGlobalSection
	GlobalSection(SolutionProperties) = preSolution
		HideSolutionNode = FALSE
	EndGlobalSection
	GlobalSection(NestedProjects) = preSolution
		{8A3B856E-AD14-49EB-9F37-36DDCE5E029D} = {292FF309-927E-4F6B-891A-4EBC14869CFC}
		{9FD04CD6-6484-4006-8C7E-BC8136FF9309} = {0090AF16-17AA-4C33-9DE2-94C7F841B81E}
		{D9337FE9-4196-4D23-99CA-FA5D39C3F6D7} = {1FC35790-3520-4BA6-9766-A7ED16E5AEE3}
		{51D6DF33-DC65-4169-86D0-979FBEF9D4F2} = {67C1F230-0CCE-4702-BD2D-FDE580C15D7E}
		{6EEF4BA3-A085-4FB6-A5F0-82417C68F83C} = {68D819D2-BCEE-4E5C-8040-EAC54F46A9F2}
		{1FC35790-3520-4BA6-9766-A7ED16E5AEE3} = {B41FF3C5-56A0-4C63-A9F7-6DA7B7C21B0E}
		{67C1F230-0CCE-4702-BD2D-FDE580C15D7E} = {B41FF3C5-56A0-4C63-A9F7-6DA7B7C21B0E}
		{68D819D2-BCEE-4E5C-8040-EAC54F46A9F2} = {B41FF3C5-56A0-4C63-A9F7-6DA7B7C21B0E}
		{5E8FC681-6909-41DB-9E99-3D3CD3485282} = {B41FF3C5-56A0-4C63-A9F7-6DA7B7C21B0E}
		{023159E3-D81F-4075-9F23-FEB3939A8880} = {5E8FC681-6909-41DB-9E99-3D3CD3485282}
		{22601648-23DD-458C-8A24-B5EAB19680D7} = {B41FF3C5-56A0-4C63-A9F7-6DA7B7C21B0E}
		{C4DACCBE-89DC-4F6E-B696-2545565D67BC} = {B41FF3C5-56A0-4C63-A9F7-6DA7B7C21B0E}
		{EF661B76-0920-4A71-8187-00E7E95800BC} = {C4DACCBE-89DC-4F6E-B696-2545565D67BC}
		{3170FB54-B863-4FE5-9B6D-37BC5C86DF25} = {0C955F4F-0012-400B-A752-691F2A625C8F}
		{E172F6FB-C7DE-405A-8279-856B5884119F} = {3170FB54-B863-4FE5-9B6D-37BC5C86DF25}
		{3D1112D0-93A7-4E3A-B1DD-56EC0B4C28F7} = {0C955F4F-0012-400B-A752-691F2A625C8F}
		{863E77FA-03C6-48A2-9227-3A0D1E24D2F7} = {3D1112D0-93A7-4E3A-B1DD-56EC0B4C28F7}
		{5D43CC7A-7669-4D65-89FD-DE1F3AF4618C} = {0C955F4F-0012-400B-A752-691F2A625C8F}
		{1597B094-BE80-43F4-8CD9-E783D456D480} = {0C955F4F-0012-400B-A752-691F2A625C8F}
		{92871F78-6E42-42F6-A44A-AC9D2426D0B3} = {0C955F4F-0012-400B-A752-691F2A625C8F}
		{6B5730E6-DCBD-4057-BB54-561FFD334CA8} = {0C955F4F-0012-400B-A752-691F2A625C8F}
		{933FD1BF-72EC-4749-93E0-4F5C51DAA5BC} = {6B5730E6-DCBD-4057-BB54-561FFD334CA8}
		{5CF1CB0F-DB9F-4D77-8E0F-ADFB809573F9} = {5D43CC7A-7669-4D65-89FD-DE1F3AF4618C}
		{13314C3C-D6C4-4AAE-BE7B-CDAC4CE1F260} = {1597B094-BE80-43F4-8CD9-E783D456D480}
	EndGlobalSection
EndGlobal
